
Microsoft Visual Studio Solution File, Format Version 12.00
# Visual Studio Version 17
VisualStudioVersion = 17.9.34723.18
MinimumVisualStudioVersion = 10.0.40219.1
Project("{9A19103F-16F7-4668-BE54-9A1E7A4F7556}") = "PhotoMove", "PhotoMove\PhotoMove.csproj", "{9F70ED1C-0AE3-41B8-ABCE-105DDDA1363F}"
EndProject
Project("{FAE04EC0-301F-11D3-BF4B-00C04F79EFBC}") = "MyPhotoCopy.ExifTool", "MyPhotoCopy.ExifTool\MyPhotoCopy.ExifTool.csproj", "{9A294F43-DB47-455B-B6BC-6150BCB1F76F}"
EndProject
Global
	GlobalSection(SolutionConfigurationPlatforms) = preSolution
		Debug|Any CPU = Debug|Any CPU
		Release|Any CPU = Release|Any CPU
	EndGlobalSection
	GlobalSection(ProjectConfigurationPlatforms) = postSolution
		{9F70ED1C-0AE3-41B8-ABCE-105DDDA1363F}.Debug|Any CPU.ActiveCfg = Debug|Any CPU
		{9F70ED1C-0AE3-41B8-ABCE-105DDDA1363F}.Debug|Any CPU.Build.0 = Debug|Any CPU
		{9F70ED1C-0AE3-41B8-ABCE-105DDDA1363F}.Release|Any CPU.ActiveCfg = Release|Any CPU
		{9F70ED1C-0AE3-41B8-ABCE-105DDDA1363F}.Release|Any CPU.Build.0 = Release|Any CPU
		{9A294F43-DB47-455B-B6BC-6150BCB1F76F}.Debug|Any CPU.ActiveCfg = Debug|Any CPU
		{9A294F43-DB47-455B-B6BC-6150BCB1F76F}.Debug|Any CPU.Build.0 = Debug|Any CPU
		{9A294F43-DB47-455B-B6BC-6150BCB1F76F}.Release|Any CPU.ActiveCfg = Release|Any CPU
		{9A294F43-DB47-455B-B6BC-6150BCB1F76F}.Release|Any CPU.Build.0 = Release|Any CPU
	EndGlobalSection
	GlobalSection(SolutionProperties) = preSolution
		HideSolutionNode = FALSE
	EndGlobalSection
	GlobalSection(ExtensibilityGlobals) = postSolution
		SolutionGuid = {8E742591-D656-48DC-88F8-91F3CD277DF7}
	EndGlobalSection
EndGlobal
